
Microsoft Visual Studio Solution File, Format Version 12.00
# Visual Studio 14
VisualStudioVersion = 14.0.24720.0
MinimumVisualStudioVersion = 10.0.40219.1
Project("{2150E333-8FDC-42A3-9474-1A3956D46DE8}") = "Solution Items", "Solution Items", "{E7AA95CC-1EAA-4E4B-81BE-CF921C5F219F}"
	ProjectSection(SolutionItems) = preProject
		AssemblyInfo.cs = AssemblyInfo.cs
		README.md = README.md
	EndProjectSection
EndProject
Project("{FAE04EC0-301F-11D3-BF4B-00C04F79EFBC}") = "MonoRemoteDebugger.Server", "MonoRemoteDebugger.Server\MonoRemoteDebugger.Server.csproj", "{134655A3-EF22-4E4A-AE8D-9EE1282733A7}"
EndProject
Project("{FAE04EC0-301F-11D3-BF4B-00C04F79EFBC}") = "MonoRemoteDebugger.SharedLib", "MonoRemoteDebugger.SharedLib\MonoRemoteDebugger.SharedLib.csproj", "{FE76AEE5-C4E3-45ED-AA18-29DF82AB405C}"
EndProject
Project("{FAE04EC0-301F-11D3-BF4B-00C04F79EFBC}") = "MonoRemoteDebugger.VSExtension", "MonoRemoteDebugger.VSExtension\MonoRemoteDebugger.VSExtension.csproj", "{7A273453-436B-4226-BCD4-9D02687944A0}"
	ProjectSection(ProjectDependencies) = postProject
		{134655A3-EF22-4E4A-AE8D-9EE1282733A7} = {134655A3-EF22-4E4A-AE8D-9EE1282733A7}
		{FE76AEE5-C4E3-45ED-AA18-29DF82AB405C} = {FE76AEE5-C4E3-45ED-AA18-29DF82AB405C}
		{C99840F2-29F7-44FC-A152-3CDD7FC41B21} = {C99840F2-29F7-44FC-A152-3CDD7FC41B21}
	EndProjectSection
EndProject
Project("{FAE04EC0-301F-11D3-BF4B-00C04F79EFBC}") = "MonoRemoteDebugger.Debugger", "MonoRemoteDebugger.Debugger\MonoRemoteDebugger.Debugger.csproj", "{C99840F2-29F7-44FC-A152-3CDD7FC41B21}"
EndProject
Project("{2150E333-8FDC-42A3-9474-1A3956D46DE8}") = "Assemblies", "Assemblies", "{866CF2EE-574D-49C6-89EB-637B56693D24}"
	ProjectSection(SolutionItems) = preProject
		Assemblies\Microsoft.DebugEngineHost.dll = Assemblies\Microsoft.DebugEngineHost.dll
		Assemblies\Microsoft.MICore.dll = Assemblies\Microsoft.MICore.dll
		Assemblies\Mono.Cecil.dll = Assemblies\Mono.Cecil.dll
		Assemblies\Mono.Debugger.Soft.dll = Assemblies\Mono.Debugger.Soft.dll
		Assemblies\Mono.Debugging.dll = Assemblies\Mono.Debugging.dll
		Assemblies\Mono.Debugging.Soft.dll = Assemblies\Mono.Debugging.Soft.dll
		Assemblies\Techl.dll = Assemblies\Techl.dll
	EndProjectSection
EndProject
Global
	GlobalSection(SolutionConfigurationPlatforms) = preSolution
		Debug|Any CPU = Debug|Any CPU
		Release|Any CPU = Release|Any CPU
	EndGlobalSection
	GlobalSection(ProjectConfigurationPlatforms) = postSolution
		{134655A3-EF22-4E4A-AE8D-9EE1282733A7}.Debug|Any CPU.ActiveCfg = Debug|Any CPU
		{134655A3-EF22-4E4A-AE8D-9EE1282733A7}.Debug|Any CPU.Build.0 = Debug|Any CPU
		{134655A3-EF22-4E4A-AE8D-9EE1282733A7}.Release|Any CPU.ActiveCfg = Release|Any CPU
		{134655A3-EF22-4E4A-AE8D-9EE1282733A7}.Release|Any CPU.Build.0 = Release|Any CPU
		{FE76AEE5-C4E3-45ED-AA18-29DF82AB405C}.Debug|Any CPU.ActiveCfg = Debug|Any CPU
		{FE76AEE5-C4E3-45ED-AA18-29DF82AB405C}.Debug|Any CPU.Build.0 = Debug|Any CPU
		{FE76AEE5-C4E3-45ED-AA18-29DF82AB405C}.Release|Any CPU.ActiveCfg = Release|Any CPU
		{FE76AEE5-C4E3-45ED-AA18-29DF82AB405C}.Release|Any CPU.Build.0 = Release|Any CPU
		{7A273453-436B-4226-BCD4-9D02687944A0}.Debug|Any CPU.ActiveCfg = Debug|Any CPU
		{7A273453-436B-4226-BCD4-9D02687944A0}.Debug|Any CPU.Build.0 = Debug|Any CPU
		{7A273453-436B-4226-BCD4-9D02687944A0}.Release|Any CPU.ActiveCfg = Release|Any CPU
		{7A273453-436B-4226-BCD4-9D02687944A0}.Release|Any CPU.Build.0 = Release|Any CPU
		{C99840F2-29F7-44FC-A152-3CDD7FC41B21}.Debug|Any CPU.ActiveCfg = Debug|Any CPU
		{C99840F2-29F7-44FC-A152-3CDD7FC41B21}.Debug|Any CPU.Build.0 = Debug|Any CPU
		{C99840F2-29F7-44FC-A152-3CDD7FC41B21}.Release|Any CPU.ActiveCfg = Release|Any CPU
		{C99840F2-29F7-44FC-A152-3CDD7FC41B21}.Release|Any CPU.Build.0 = Release|Any CPU
	EndGlobalSection
	GlobalSection(SolutionProperties) = preSolution
		HideSolutionNode = FALSE
	EndGlobalSection
EndGlobal
